
Microsoft Visual Studio Solution File, Format Version 12.00
# Visual Studio Version 16
VisualStudioVersion = 16.0.31205.134
MinimumVisualStudioVersion = 10.0.40219.1
Project("{6EC3EE1D-3C4E-46DD-8F32-0CC8E7565705}") = "Hamming", "Hamming.fsproj", "{9DD250C9-62C6-47E0-8062-54810E8F2670}"
EndProject
Global
	GlobalSection(SolutionConfigurationPlatforms) = preSolution
		Debug|Any CPU = Debug|Any CPU
		Release|Any CPU = Release|Any CPU
	EndGlobalSection
	GlobalSection(ProjectConfigurationPlatforms) = postSolution
		{9DD250C9-62C6-47E0-8062-54810E8F2670}.Debug|Any CPU.ActiveCfg = Debug|Any CPU
		{9DD250C9-62C6-47E0-8062-54810E8F2670}.Debug|Any CPU.Build.0 = Debug|Any CPU
		{9DD250C9-62C6-47E0-8062-54810E8F2670}.Release|Any CPU.ActiveCfg = Release|Any CPU
		{9DD250C9-62C6-47E0-8062-54810E8F2670}.Release|Any CPU.Build.0 = Release|Any CPU
	EndGlobalSection
	GlobalSection(SolutionProperties) = preSolution
		HideSolutionNode = FALSE
	EndGlobalSection
	GlobalSection(ExtensibilityGlobals) = postSolution
		SolutionGuid = {FD29271C-BF08-489A-AB17-4680B22415B0}
	EndGlobalSection
EndGlobal
